// !$*UTF8*$!
{
	archiveVersion = 1;
	classes = {
	};
	objectVersion = 46;
	objects = {

/* Begin PBXBuildFile section */
		65A2B0C71ADB9CC400086B10 /* AppDelegate.swift in Sources */ = {isa = PBXBuildFile; fileRef = 65A2B0C61ADB9CC400086B10 /* AppDelegate.swift */; };
		65A2B0C91ADB9CC400086B10 /* ViewController.swift in Sources */ = {isa = PBXBuildFile; fileRef = 65A2B0C81ADB9CC400086B10 /* ViewController.swift */; };
		65A2B0CC1ADB9CC400086B10 /* Main.storyboard in Resources */ = {isa = PBXBuildFile; fileRef = 65A2B0CA1ADB9CC400086B10 /* Main.storyboard */; };
		65A2B0CE1ADB9CC400086B10 /* Images.xcassets in Resources */ = {isa = PBXBuildFile; fileRef = 65A2B0CD1ADB9CC400086B10 /* Images.xcassets */; };
		65A2B0D11ADB9CC400086B10 /* LaunchScreen.xib in Resources */ = {isa = PBXBuildFile; fileRef = 65A2B0CF1ADB9CC400086B10 /* LaunchScreen.xib */; };
		65A2B0DD1ADB9CC400086B10 /* EventsTrackerAppTests.swift in Sources */ = {isa = PBXBuildFile; fileRef = 65A2B0DC1ADB9CC400086B10 /* EventsTrackerAppTests.swift */; };
		65A2B0E71ADB9DD400086B10 /* CustomCellTableViewCell.swift in Sources */ = {isa = PBXBuildFile; fileRef = 65A2B0E61ADB9DD400086B10 /* CustomCellTableViewCell.swift */; };
		65A2B0E91ADB9DD900086B10 /* Event.swift in Sources */ = {isa = PBXBuildFile; fileRef = 65A2B0E81ADB9DD900086B10 /* Event.swift */; };
		65A2B0EB1ADB9DDE00086B10 /* EventCollectionViewCell.swift in Sources */ = {isa = PBXBuildFile; fileRef = 65A2B0EA1ADB9DDE00086B10 /* EventCollectionViewCell.swift */; };
		65A2B0ED1ADB9DE300086B10 /* LoginController.swift in Sources */ = {isa = PBXBuildFile; fileRef = 65A2B0EC1ADB9DE300086B10 /* LoginController.swift */; };
		65A2B0EF1ADB9DE600086B10 /* TrackingListViewController.swift in Sources */ = {isa = PBXBuildFile; fileRef = 65A2B0EE1ADB9DE600086B10 /* TrackingListViewController.swift */; };
		65A2B0F11ADB9DEA00086B10 /* EventDetailViewController.swift in Sources */ = {isa = PBXBuildFile; fileRef = 65A2B0F01ADB9DEA00086B10 /* EventDetailViewController.swift */; };
		65A2B0F31ADB9DEE00086B10 /* EventCollectionViewController.swift in Sources */ = {isa = PBXBuildFile; fileRef = 65A2B0F21ADB9DEE00086B10 /* EventCollectionViewController.swift */; };
/* End PBXBuildFile section */

/* Begin PBXContainerItemProxy section */
		65A2B0D71ADB9CC400086B10 /* PBXContainerItemProxy */ = {
			isa = PBXContainerItemProxy;
			containerPortal = 65A2B0B91ADB9CC400086B10 /* Project object */;
			proxyType = 1;
			remoteGlobalIDString = 65A2B0C01ADB9CC400086B10;
			remoteInfo = EventsTrackerApp;
		};
/* End PBXContainerItemProxy section */

/* Begin PBXFileReference section */
		65A2B0C11ADB9CC400086B10 /* EventsTrackerApp.app */ = {isa = PBXFileReference; explicitFileType = wrapper.application; includeInIndex = 0; path = EventsTrackerApp.app; sourceTree = BUILT_PRODUCTS_DIR; };
		65A2B0C51ADB9CC400086B10 /* Info.plist */ = {isa = PBXFileReference; lastKnownFileType = text.plist.xml; path = Info.plist; sourceTree = "<group>"; };
		65A2B0C61ADB9CC400086B10 /* AppDelegate.swift */ = {isa = PBXFileReference; lastKnownFileType = sourcecode.swift; path = AppDelegate.swift; sourceTree = "<group>"; };
		65A2B0C81ADB9CC400086B10 /* ViewController.swift */ = {isa = PBXFileReference; lastKnownFileType = sourcecode.swift; path = ViewController.swift; sourceTree = "<group>"; };
		65A2B0CB1ADB9CC400086B10 /* Base */ = {isa = PBXFileReference; lastKnownFileType = file.storyboard; name = Base; path = Base.lproj/Main.storyboard; sourceTree = "<group>"; };
		65A2B0CD1ADB9CC400086B10 /* Images.xcassets */ = {isa = PBXFileReference; lastKnownFileType = folder.assetcatalog; path = Images.xcassets; sourceTree = "<group>"; };
		65A2B0D01ADB9CC400086B10 /* Base */ = {isa = PBXFileReference; lastKnownFileType = file.xib; name = Base; path = Base.lproj/LaunchScreen.xib; sourceTree = "<group>"; };
		65A2B0D61ADB9CC400086B10 /* EventsTrackerAppTests.xctest */ = {isa = PBXFileReference; explicitFileType = wrapper.cfbundle; includeInIndex = 0; path = EventsTrackerAppTests.xctest; sourceTree = BUILT_PRODUCTS_DIR; };
		65A2B0DB1ADB9CC400086B10 /* Info.plist */ = {isa = PBXFileReference; lastKnownFileType = text.plist.xml; path = Info.plist; sourceTree = "<group>"; };
		65A2B0DC1ADB9CC400086B10 /* EventsTrackerAppTests.swift */ = {isa = PBXFileReference; lastKnownFileType = sourcecode.swift; path = EventsTrackerAppTests.swift; sourceTree = "<group>"; };
		65A2B0E61ADB9DD400086B10 /* CustomCellTableViewCell.swift */ = {isa = PBXFileReference; fileEncoding = 4; lastKnownFileType = sourcecode.swift; path = CustomCellTableViewCell.swift; sourceTree = "<group>"; };
		65A2B0E81ADB9DD900086B10 /* Event.swift */ = {isa = PBXFileReference; fileEncoding = 4; lastKnownFileType = sourcecode.swift; path = Event.swift; sourceTree = "<group>"; };
		65A2B0EA1ADB9DDE00086B10 /* EventCollectionViewCell.swift */ = {isa = PBXFileReference; fileEncoding = 4; lastKnownFileType = sourcecode.swift; path = EventCollectionViewCell.swift; sourceTree = "<group>"; };
		65A2B0EC1ADB9DE300086B10 /* LoginController.swift */ = {isa = PBXFileReference; fileEncoding = 4; lastKnownFileType = sourcecode.swift; path = LoginController.swift; sourceTree = "<group>"; };
		65A2B0EE1ADB9DE600086B10 /* TrackingListViewController.swift */ = {isa = PBXFileReference; fileEncoding = 4; lastKnownFileType = sourcecode.swift; path = TrackingListViewController.swift; sourceTree = "<group>"; };
		65A2B0F01ADB9DEA00086B10 /* EventDetailViewController.swift */ = {isa = PBXFileReference; fileEncoding = 4; lastKnownFileType = sourcecode.swift; path = EventDetailViewController.swift; sourceTree = "<group>"; };
		65A2B0F21ADB9DEE00086B10 /* EventCollectionViewController.swift */ = {isa = PBXFileReference; fileEncoding = 4; lastKnownFileType = sourcecode.swift; path = EventCollectionViewController.swift; sourceTree = "<group>"; };
/* End PBXFileReference section */

/* Begin PBXFrameworksBuildPhase section */
		65A2B0BE1ADB9CC400086B10 /* Frameworks */ = {
			isa = PBXFrameworksBuildPhase;
			buildActionMask = 2147483647;
			files = (
			);
			runOnlyForDeploymentPostprocessing = 0;
		};
		65A2B0D31ADB9CC400086B10 /* Frameworks */ = {
			isa = PBXFrameworksBuildPhase;
			buildActionMask = 2147483647;
			files = (
			);
			runOnlyForDeploymentPostprocessing = 0;
		};
/* End PBXFrameworksBuildPhase section */

/* Begin PBXGroup section */
		65A2B0B81ADB9CC400086B10 = {
			isa = PBXGroup;
			children = (
				65A2B0C31ADB9CC400086B10 /* EventsTrackerApp */,
				65A2B0D91ADB9CC400086B10 /* EventsTrackerAppTests */,
				65A2B0C21ADB9CC400086B10 /* Products */,
			);
			sourceTree = "<group>";
		};
		65A2B0C21ADB9CC400086B10 /* Products */ = {
			isa = PBXGroup;
			children = (
				65A2B0C11ADB9CC400086B10 /* EventsTrackerApp.app */,
				65A2B0D61ADB9CC400086B10 /* EventsTrackerAppTests.xctest */,
			);
			name = Products;
			sourceTree = "<group>";
		};
		65A2B0C31ADB9CC400086B10 /* EventsTrackerApp */ = {
			isa = PBXGroup;
			children = (
				65A2B0C61ADB9CC400086B10 /* AppDelegate.swift */,
				65A2B0C81ADB9CC400086B10 /* ViewController.swift */,
				65A2B0E81ADB9DD900086B10 /* Event.swift */,
				65A2B0E61ADB9DD400086B10 /* CustomCellTableViewCell.swift */,
				65A2B0EC1ADB9DE300086B10 /* LoginController.swift */,
				65A2B0F21ADB9DEE00086B10 /* EventCollectionViewController.swift */,
				65A2B0EE1ADB9DE600086B10 /* TrackingListViewController.swift */,
				65A2B0F01ADB9DEA00086B10 /* EventDetailViewController.swift */,
				65A2B0EA1ADB9DDE00086B10 /* EventCollectionViewCell.swift */,
				65A2B0CA1ADB9CC400086B10 /* Main.storyboard */,
				65A2B0CD1ADB9CC400086B10 /* Images.xcassets */,
				65A2B0CF1ADB9CC400086B10 /* LaunchScreen.xib */,
				65A2B0C41ADB9CC400086B10 /* Supporting Files */,
			);
			path = EventsTrackerApp;
			sourceTree = "<group>";
		};
		65A2B0C41ADB9CC400086B10 /* Supporting Files */ = {
			isa = PBXGroup;
			children = (
				65A2B0C51ADB9CC400086B10 /* Info.plist */,
			);
			name = "Supporting Files";
			sourceTree = "<group>";
		};
		65A2B0D91ADB9CC400086B10 /* EventsTrackerAppTests */ = {
			isa = PBXGroup;
			children = (
				65A2B0DC1ADB9CC400086B10 /* EventsTrackerAppTests.swift */,
				65A2B0DA1ADB9CC400086B10 /* Supporting Files */,
			);
			path = EventsTrackerAppTests;
			sourceTree = "<group>";
		};
		65A2B0DA1ADB9CC400086B10 /* Supporting Files */ = {
			isa = PBXGroup;
			children = (
				65A2B0DB1ADB9CC400086B10 /* Info.plist */,
			);
			name = "Supporting Files";
			sourceTree = "<group>";
		};
/* End PBXGroup section */

/* Begin PBXNativeTarget section */
		65A2B0C01ADB9CC400086B10 /* EventsTrackerApp */ = {
			isa = PBXNativeTarget;
			buildConfigurationList = 65A2B0E01ADB9CC400086B10 /* Build configuration list for PBXNativeTarget "EventsTrackerApp" */;
			buildPhases = (
				65A2B0BD1ADB9CC400086B10 /* Sources */,
				65A2B0BE1ADB9CC400086B10 /* Frameworks */,
				65A2B0BF1ADB9CC400086B10 /* Resources */,
			);
			buildRules = (
			);
			dependencies = (
			);
			name = EventsTrackerApp;
			productName = EventsTrackerApp;
			productReference = 65A2B0C11ADB9CC400086B10 /* EventsTrackerApp.app */;
			productType = "com.apple.product-type.application";
		};
		65A2B0D51ADB9CC400086B10 /* EventsTrackerAppTests */ = {
			isa = PBXNativeTarget;
			buildConfigurationList = 65A2B0E31ADB9CC400086B10 /* Build configuration list for PBXNativeTarget "EventsTrackerAppTests" */;
			buildPhases = (
				65A2B0D21ADB9CC400086B10 /* Sources */,
				65A2B0D31ADB9CC400086B10 /* Frameworks */,
				65A2B0D41ADB9CC400086B10 /* Resources */,
			);
			buildRules = (
			);
			dependencies = (
				65A2B0D81ADB9CC400086B10 /* PBXTargetDependency */,
			);
			name = EventsTrackerAppTests;
			productName = EventsTrackerAppTests;
			productReference = 65A2B0D61ADB9CC400086B10 /* EventsTrackerAppTests.xctest */;
			productType = "com.apple.product-type.bundle.unit-test";
		};
/* End PBXNativeTarget section */

/* Begin PBXProject section */
		65A2B0B91ADB9CC400086B10 /* Project object */ = {
			isa = PBXProject;
			attributes = {
				LastUpgradeCheck = 0610;
				ORGANIZATIONNAME = "Anubhav Maity";
				TargetAttributes = {
					65A2B0C01ADB9CC400086B10 = {
						CreatedOnToolsVersion = 6.1.1;
					};
					65A2B0D51ADB9CC400086B10 = {
						CreatedOnToolsVersion = 6.1.1;
						TestTargetID = 65A2B0C01ADB9CC400086B10;
					};
				};
			};
			buildConfigurationList = 65A2B0BC1ADB9CC400086B10 /* Build configuration list for PBXProject "EventsTrackerApp" */;
			compatibilityVersion = "Xcode 3.2";
			developmentRegion = English;
			hasScannedForEncodings = 0;
			knownRegions = (
				en,
				Base,
			);
			mainGroup = 65A2B0B81ADB9CC400086B10;
			productRefGroup = 65A2B0C21ADB9CC400086B10 /* Products */;
			projectDirPath = "";
			projectRoot = "";
			targets = (
				65A2B0C01ADB9CC400086B10 /* EventsTrackerApp */,
				65A2B0D51ADB9CC400086B10 /* EventsTrackerAppTests */,
			);
		};
/* End PBXProject section */

/* Begin PBXResourcesBuildPhase section */
		65A2B0BF1ADB9CC400086B10 /* Resources */ = {
			isa = PBXResourcesBuildPhase;
			buildActionMask = 2147483647;
			files = (
				65A2B0CC1ADB9CC400086B10 /* Main.storyboard in Resources */,
				65A2B0D11ADB9CC400086B10 /* LaunchScreen.xib in Resources */,
				65A2B0CE1ADB9CC400086B10 /* Images.xcassets in Resources */,
			);
			runOnlyForDeploymentPostprocessing = 0;
		};
		65A2B0D41ADB9CC400086B10 /* Resources */ = {
			isa = PBXResourcesBuildPhase;
			buildActionMask = 2147483647;
			files = (
			);
			runOnlyForDeploymentPostprocessing = 0;
		};
/* End PBXResourcesBuildPhase section */

/* Begin PBXSourcesBuildPhase section */
		65A2B0BD1ADB9CC400086B10 /* Sources */ = {
			isa = PBXSourcesBuildPhase;
			buildActionMask = 2147483647;
			files = (
				65A2B0E91ADB9DD900086B10 /* Event.swift in Sources */,
				65A2B0ED1ADB9DE300086B10 /* LoginController.swift in Sources */,
				65A2B0EB1ADB9DDE00086B10 /* EventCollectionViewCell.swift in Sources */,
				65A2B0C91ADB9CC400086B10 /* ViewController.swift in Sources */,
				65A2B0EF1ADB9DE600086B10 /* TrackingListViewController.swift in Sources */,
				65A2B0C71ADB9CC400086B10 /* AppDelegate.swift in Sources */,
				65A2B0F11ADB9DEA00086B10 /* EventDetailViewController.swift in Sources */,
				65A2B0F31ADB9DEE00086B10 /* EventCollectionViewController.swift in Sources */,
				65A2B0E71ADB9DD400086B10 /* CustomCellTableViewCell.swift in Sources */,
			);
			runOnlyForDeploymentPostprocessing = 0;
		};
		65A2B0D21ADB9CC400086B10 /* Sources */ = {
			isa = PBXSourcesBuildPhase;
			buildActionMask = 2147483647;
			files = (
				65A2B0DD1ADB9CC400086B10 /* EventsTrackerAppTests.swift in Sources */,
			);
			runOnlyForDeploymentPostprocessing = 0;
		};
/* End PBXSourcesBuildPhase section */

/* Begin PBXTargetDependency section */
		65A2B0D81ADB9CC400086B10 /* PBXTargetDependency */ = {
			isa = PBXTargetDependency;
			target = 65A2B0C01ADB9CC400086B10 /* EventsTrackerApp */;
			targetProxy = 65A2B0D71ADB9CC400086B10 /* PBXContainerItemProxy */;
		};
/* End PBXTargetDependency section */

/* Begin PBXVariantGroup section */
		65A2B0CA1ADB9CC400086B10 /* Main.storyboard */ = {
			isa = PBXVariantGroup;
			children = (
				65A2B0CB1ADB9CC400086B10 /* Base */,
			);
			name = Main.storyboard;
			sourceTree = "<group>";
		};
		65A2B0CF1ADB9CC400086B10 /* LaunchScreen.xib */ = {
			isa = PBXVariantGroup;
			children = (
				65A2B0D01ADB9CC400086B10 /* Base */,
			);
			name = LaunchScreen.xib;
			sourceTree = "<group>";
		};
/* End PBXVariantGroup section */

/* Begin XCBuildConfiguration section */
		65A2B0DE1ADB9CC400086B10 /* Debug */ = {
			isa = XCBuildConfiguration;
			buildSettings = {
				ALWAYS_SEARCH_USER_PATHS = NO;
				CLANG_CXX_LANGUAGE_STANDARD = "gnu++0x";
				CLANG_CXX_LIBRARY = "libc++";
				CLANG_ENABLE_MODULES = YES;
				CLANG_ENABLE_OBJC_ARC = YES;
				CLANG_WARN_BOOL_CONVERSION = YES;
				CLANG_WARN_CONSTANT_CONVERSION = YES;
				CLANG_WARN_DIRECT_OBJC_ISA_USAGE = YES_ERROR;
				CLANG_WARN_EMPTY_BODY = YES;
				CLANG_WARN_ENUM_CONVERSION = YES;
				CLANG_WARN_INT_CONVERSION = YES;
				CLANG_WARN_OBJC_ROOT_CLASS = YES_ERROR;
				CLANG_WARN_UNREACHABLE_CODE = YES;
				CLANG_WARN__DUPLICATE_METHOD_MATCH = YES;
				"CODE_SIGN_IDENTITY[sdk=iphoneos*]" = "iPhone Developer";
				COPY_PHASE_STRIP = NO;
				ENABLE_STRICT_OBJC_MSGSEND = YES;
				GCC_C_LANGUAGE_STANDARD = gnu99;
				GCC_DYNAMIC_NO_PIC = NO;
				GCC_OPTIMIZATION_LEVEL = 0;
				GCC_PREPROCESSOR_DEFINITIONS = (
					"DEBUG=1",
					"$(inherited)",
				);
				GCC_SYMBOLS_PRIVATE_EXTERN = NO;
				GCC_WARN_64_TO_32_BIT_CONVERSION = YES;
				GCC_WARN_ABOUT_RETURN_TYPE = YES_ERROR;
				GCC_WARN_UNDECLARED_SELECTOR = YES;
				GCC_WARN_UNINITIALIZED_AUTOS = YES_AGGRESSIVE;
				GCC_WARN_UNUSED_FUNCTION = YES;
				GCC_WARN_UNUSED_VARIABLE = YES;
				IPHONEOS_DEPLOYMENT_TARGET = 8.1;
				MTL_ENABLE_DEBUG_INFO = YES;
				ONLY_ACTIVE_ARCH = YES;
				SDKROOT = iphoneos;
				SWIFT_OPTIMIZATION_LEVEL = "-Onone";
				TARGETED_DEVICE_FAMILY = 2;
			};
			name = Debug;
		};
		65A2B0DF1ADB9CC400086B10 /* Release */ = {
			isa = XCBuildConfiguration;
			buildSettings = {
				ALWAYS_SEARCH_USER_PATHS = NO;
				CLANG_CXX_LANGUAGE_STANDARD = "gnu++0x";
				CLANG_CXX_LIBRARY = "libc++";
				CLANG_ENABLE_MODULES = YES;
				CLANG_ENABLE_OBJC_ARC = YES;
				CLANG_WARN_BOOL_CONVERSION = YES;
				CLANG_WARN_CONSTANT_CONVERSION = YES;
				CLANG_WARN_DIRECT_OBJC_ISA_USAGE = YES_ERROR;
				CLANG_WARN_EMPTY_BODY = YES;
				CLANG_WARN_ENUM_CONVERSION = YES;
				CLANG_WARN_INT_CONVERSION = YES;
				CLANG_WARN_OBJC_ROOT_CLASS = YES_ERROR;
				CLANG_WARN_UNREACHABLE_CODE = YES;
				CLANG_WARN__DUPLICATE_METHOD_MATCH = YES;
				"CODE_SIGN_IDENTITY[sdk=iphoneos*]" = "iPhone Developer";
				COPY_PHASE_STRIP = YES;
				ENABLE_NS_ASSERTIONS = NO;
				ENABLE_STRICT_OBJC_MSGSEND = YES;
				GCC_C_LANGUAGE_STANDARD = gnu99;
				GCC_WARN_64_TO_32_BIT_CONVERSION = YES;
				GCC_WARN_ABOUT_RETURN_TYPE = YES_ERROR;
				GCC_WARN_UNDECLARED_SELECTOR = YES;
				GCC_WARN_UNINITIALIZED_AUTOS = YES_AGGRESSIVE;
				GCC_WARN_UNUSED_FUNCTION = YES;
				GCC_WARN_UNUSED_VARIABLE = YES;
				IPHONEOS_DEPLOYMENT_TARGET = 8.1;
				MTL_ENABLE_DEBUG_INFO = NO;
				SDKROOT = iphoneos;
				TARGETED_DEVICE_FAMILY = 2;
				VALIDATE_PRODUCT = YES;
			};
			name = Release;
		};
		65A2B0E11ADB9CC400086B10 /* Debug */ = {
			isa = XCBuildConfiguration;
			buildSettings = {
				ASSETCATALOG_COMPILER_APPICON_NAME = AppIcon;
				INFOPLIST_FILE = EventsTrackerApp/Info.plist;
				LD_RUNPATH_SEARCH_PATHS = "$(inherited) @executable_path/Frameworks";
				PRODUCT_NAME = "$(TARGET_NAME)";
			};
			name = Debug;
		};
		65A2B0E21ADB9CC400086B10 /* Release */ = {
			isa = XCBuildConfiguration;
			buildSettings = {
				ASSETCATALOG_COMPILER_APPICON_NAME = AppIcon;
				INFOPLIST_FILE = EventsTrackerApp/Info.plist;
				LD_RUNPATH_SEARCH_PATHS = "$(inherited) @executable_path/Frameworks";
				PRODUCT_NAME = "$(TARGET_NAME)";
			};
			name = Release;
		};
		65A2B0E41ADB9CC400086B10 /* Debug */ = {
			isa = XCBuildConfiguration;
			buildSettings = {
				BUNDLE_LOADER = "$(TEST_HOST)";
				FRAMEWORK_SEARCH_PATHS = (
					"$(SDKROOT)/Developer/Library/Frameworks",
					"$(inherited)",
				);
				GCC_PREPROCESSOR_DEFINITIONS = (
					"DEBUG=1",
					"$(inherited)",
				);
				INFOPLIST_FILE = EventsTrackerAppTests/Info.plist;
				LD_RUNPATH_SEARCH_PATHS = "$(inherited) @executable_path/Frameworks @loader_path/Frameworks";
				PRODUCT_NAME = "$(TARGET_NAME)";
				TEST_HOST = "$(BUILT_PRODUCTS_DIR)/EventsTrackerApp.app/EventsTrackerApp";
			};
			name = Debug;
		};
		65A2B0E51ADB9CC400086B10 /* Release */ = {
			isa = XCBuildConfiguration;
			buildSettings = {
				BUNDLE_LOADER = "$(TEST_HOST)";
				FRAMEWORK_SEARCH_PATHS = (
					"$(SDKROOT)/Developer/Library/Frameworks",
					"$(inherited)",
				);
				INFOPLIST_FILE = EventsTrackerAppTests/Info.plist;
				LD_RUNPATH_SEARCH_PATHS = "$(inherited) @executable_path/Frameworks @loader_path/Frameworks";
				PRODUCT_NAME = "$(TARGET_NAME)";
				TEST_HOST = "$(BUILT_PRODUCTS_DIR)/EventsTrackerApp.app/EventsTrackerApp";
			};
			name = Release;
		};
/* End XCBuildConfiguration section */

/* Begin XCConfigurationList section */
		65A2B0BC1ADB9CC400086B10 /* Build configuration list for PBXProject "EventsTrackerApp" */ = {
			isa = XCConfigurationList;
			buildConfigurations = (
				65A2B0DE1ADB9CC400086B10 /* Debug */,
				65A2B0DF1ADB9CC400086B10 /* Release */,
			);
			defaultConfigurationIsVisible = 0;
			defaultConfigurationName = Release;
		};
		65A2B0E01ADB9CC400086B10 /* Build configuration list for PBXNativeTarget "EventsTrackerApp" */ = {
			isa = XCConfigurationList;
			buildConfigurations = (
				65A2B0E11ADB9CC400086B10 /* Debug */,
				65A2B0E21ADB9CC400086B10 /* Release */,
			);
			defaultConfigurationIsVisible = 0;
			defaultConfigurationName = Release;
		};
		65A2B0E31ADB9CC400086B10 /* Build configuration list for PBXNativeTarget "EventsTrackerAppTests" */ = {
			isa = XCConfigurationList;
			buildConfigurations = (
				65A2B0E41ADB9CC400086B10 /* Debug */,
				65A2B0E51ADB9CC400086B10 /* Release */,
			);
			defaultConfigurationIsVisible = 0;
			defaultConfigurationName = Release;
		};
/* End XCConfigurationList section */
	};
	rootObject = 65A2B0B91ADB9CC400086B10 /* Project object */;
}
